<Solution>
  <Project Path="BlogTok.Controllers/BlogTok.Controllers.csproj" />
  <Project Path="BlogTok.Data/BlogTok.Data.csproj" />
  <Project Path="BlogTok.Presentation/BlogTok.Presentation.csproj" />
  <Project Path="BlogTok.Services/BlogTok.Services.csproj" />
  <Project Path="BlogTok.Session/BlogTok.Session.csproj" />
  <Project Path="BlogTok.Tests/BlogTok.Tests.csproj" />
</Solution>
